<Solution>
  <Folder Name="/src/">
    <Project Path="src/Api/Api.csproj" />
    <Project Path="src/Core/Core.csproj" />
    <Project Path="src/Worker/Worker.csproj" />
  </Folder>
  <Folder Name="/tests/">
    <Project Path="tests/Integration/Integration.csproj" />
    <Project Path="tests/Unit/Unit.csproj" />
  </Folder>
</Solution>
